
Microsoft Visual Studio Solution File, Format Version 12.00
# Visual Studio Version 16
VisualStudioVersion = 16.0.31025.194
MinimumVisualStudioVersion = 10.0.40219.1
Project("{FAE04EC0-301F-11D3-BF4B-00C04F79EFBC}") = "Guffi2", "Guffi2\Guffi2.csproj", "{2A1E9A27-1D4A-48FF-980B-1CE9BA6322A6}"
EndProject
Project("{FAE04EC0-301F-11D3-BF4B-00C04F79EFBC}") = "WcfServiceLibrary1", "WcfServiceLibrary1\WcfServiceLibrary1.csproj", "{D693638D-5DB9-4E07-BC19-5B47C6F786AD}"
EndProject
Global
	GlobalSection(SolutionConfigurationPlatforms) = preSolution
		Debug|Any CPU = Debug|Any CPU
		Release|Any CPU = Release|Any CPU
	EndGlobalSection
	GlobalSection(ProjectConfigurationPlatforms) = postSolution
		{2A1E9A27-1D4A-48FF-980B-1CE9BA6322A6}.Debug|Any CPU.ActiveCfg = Debug|Any CPU
		{2A1E9A27-1D4A-48FF-980B-1CE9BA6322A6}.Debug|Any CPU.Build.0 = Debug|Any CPU
		{2A1E9A27-1D4A-48FF-980B-1CE9BA6322A6}.Release|Any CPU.ActiveCfg = Release|Any CPU
		{2A1E9A27-1D4A-48FF-980B-1CE9BA6322A6}.Release|Any CPU.Build.0 = Release|Any CPU
		{D693638D-5DB9-4E07-BC19-5B47C6F786AD}.Debug|Any CPU.ActiveCfg = Debug|Any CPU
		{D693638D-5DB9-4E07-BC19-5B47C6F786AD}.Debug|Any CPU.Build.0 = Debug|Any CPU
		{D693638D-5DB9-4E07-BC19-5B47C6F786AD}.Release|Any CPU.ActiveCfg = Release|Any CPU
		{D693638D-5DB9-4E07-BC19-5B47C6F786AD}.Release|Any CPU.Build.0 = Release|Any CPU
	EndGlobalSection
	GlobalSection(SolutionProperties) = preSolution
		HideSolutionNode = FALSE
	EndGlobalSection
	GlobalSection(ExtensibilityGlobals) = postSolution
		SolutionGuid = {551C17C8-EEF2-45DF-A939-7ED327B4B943}
	EndGlobalSection
EndGlobal
